
Microsoft Visual Studio Solution File, Format Version 12.00
Project("{FAE04EC0-301F-11D3-BF4B-00C04F79EFBC}") = "WypozyczalniaNartV2", "WypozyczalniaNartV2\WypozyczalniaNartV2.csproj", "{640CAC64-082A-44B6-A867-B7E8EC301EBB}"
EndProject
Global
	GlobalSection(SolutionConfigurationPlatforms) = preSolution
		Debug|Any CPU = Debug|Any CPU
		Release|Any CPU = Release|Any CPU
	EndGlobalSection
	GlobalSection(ProjectConfigurationPlatforms) = postSolution
		{640CAC64-082A-44B6-A867-B7E8EC301EBB}.Debug|Any CPU.ActiveCfg = Debug|Any CPU
		{640CAC64-082A-44B6-A867-B7E8EC301EBB}.Debug|Any CPU.Build.0 = Debug|Any CPU
		{640CAC64-082A-44B6-A867-B7E8EC301EBB}.Release|Any CPU.ActiveCfg = Release|Any CPU
		{640CAC64-082A-44B6-A867-B7E8EC301EBB}.Release|Any CPU.Build.0 = Release|Any CPU
	EndGlobalSection
EndGlobal
